
Microsoft Visual Studio Solution File, Format Version 12.00
# Visual Studio Version 17
VisualStudioVersion = 17.6.33815.320
MinimumVisualStudioVersion = 10.0.40219.1
Project("{8BC9CEB8-8B4A-11D0-8D11-00A0C91BC942}") = "Vector", "Vector\Vector.vcxproj", "{6F4B3B9C-AE09-4285-B7AA-B2F9C4E5DED9}"
EndProject
Global
	GlobalSection(SolutionConfigurationPlatforms) = preSolution
		Debug|x64 = Debug|x64
		Debug|x86 = Debug|x86
		Release|x64 = Release|x64
		Release|x86 = Release|x86
	EndGlobalSection
	GlobalSection(ProjectConfigurationPlatforms) = postSolution
		{6F4B3B9C-AE09-4285-B7AA-B2F9C4E5DED9}.Debug|x64.ActiveCfg = Debug|x64
		{6F4B3B9C-AE09-4285-B7AA-B2F9C4E5DED9}.Debug|x64.Build.0 = Debug|x64
		{6F4B3B9C-AE09-4285-B7AA-B2F9C4E5DED9}.Debug|x86.ActiveCfg = Debug|Win32
		{6F4B3B9C-AE09-4285-B7AA-B2F9C4E5DED9}.Debug|x86.Build.0 = Debug|Win32
		{6F4B3B9C-AE09-4285-B7AA-B2F9C4E5DED9}.Release|x64.ActiveCfg = Release|x64
		{6F4B3B9C-AE09-4285-B7AA-B2F9C4E5DED9}.Release|x64.Build.0 = Release|x64
		{6F4B3B9C-AE09-4285-B7AA-B2F9C4E5DED9}.Release|x86.ActiveCfg = Release|Win32
		{6F4B3B9C-AE09-4285-B7AA-B2F9C4E5DED9}.Release|x86.Build.0 = Release|Win32
	EndGlobalSection
	GlobalSection(SolutionProperties) = preSolution
		HideSolutionNode = FALSE
	EndGlobalSection
	GlobalSection(ExtensibilityGlobals) = postSolution
		SolutionGuid = {B7082084-8403-4059-AB20-B479DFCD9BE4}
	EndGlobalSection
EndGlobal
