
Microsoft Visual Studio Solution File, Format Version 12.00
# Visual Studio Version 17
VisualStudioVersion = 17.6.33815.320
MinimumVisualStudioVersion = 10.0.40219.1
Project("{8BC9CEB8-8B4A-11D0-8D11-00A0C91BC942}") = "HeatStack", "HeatStack\HeatStack.vcxproj", "{C382A342-EDDF-448A-9500-6752A1F01E36}"
EndProject
Global
	GlobalSection(SolutionConfigurationPlatforms) = preSolution
		Debug|x64 = Debug|x64
		Debug|x86 = Debug|x86
		Release|x64 = Release|x64
		Release|x86 = Release|x86
	EndGlobalSection
	GlobalSection(ProjectConfigurationPlatforms) = postSolution
		{C382A342-EDDF-448A-9500-6752A1F01E36}.Debug|x64.ActiveCfg = Debug|x64
		{C382A342-EDDF-448A-9500-6752A1F01E36}.Debug|x64.Build.0 = Debug|x64
		{C382A342-EDDF-448A-9500-6752A1F01E36}.Debug|x86.ActiveCfg = Debug|Win32
		{C382A342-EDDF-448A-9500-6752A1F01E36}.Debug|x86.Build.0 = Debug|Win32
		{C382A342-EDDF-448A-9500-6752A1F01E36}.Release|x64.ActiveCfg = Release|x64
		{C382A342-EDDF-448A-9500-6752A1F01E36}.Release|x64.Build.0 = Release|x64
		{C382A342-EDDF-448A-9500-6752A1F01E36}.Release|x86.ActiveCfg = Release|Win32
		{C382A342-EDDF-448A-9500-6752A1F01E36}.Release|x86.Build.0 = Release|Win32
	EndGlobalSection
	GlobalSection(SolutionProperties) = preSolution
		HideSolutionNode = FALSE
	EndGlobalSection
	GlobalSection(ExtensibilityGlobals) = postSolution
		SolutionGuid = {0176B2E9-0803-4620-98B0-0460AF12329B}
	EndGlobalSection
EndGlobal
